// !$*UTF8*$!
{
	archiveVersion = 1;
	classes = {
	};
	objectVersion = 48;
	objects = {

/* Begin PBXBuildFile section */
		3E1A62131F97B0930025E03C /* AppDelegate.swift in Sources */ = {isa = PBXBuildFile; fileRef = 3E1A62121F97B0930025E03C /* AppDelegate.swift */; };
		3E1A62151F97B0930025E03C /* ViewController.swift in Sources */ = {isa = PBXBuildFile; fileRef = 3E1A62141F97B0930025E03C /* ViewController.swift */; };
		3E1A62181F97B0930025E03C /* Main.storyboard in Resources */ = {isa = PBXBuildFile; fileRef = 3E1A62161F97B0930025E03C /* Main.storyboard */; };
		3E1A621A1F97B0930025E03C /* Assets.xcassets in Resources */ = {isa = PBXBuildFile; fileRef = 3E1A62191F97B0930025E03C /* Assets.xcassets */; };
		3E1A621D1F97B0930025E03C /* LaunchScreen.storyboard in Resources */ = {isa = PBXBuildFile; fileRef = 3E1A621B1F97B0930025E03C /* LaunchScreen.storyboard */; };
		816424FD1FA53C090006BB98 /* HangmanBrain.swift in Sources */ = {isa = PBXBuildFile; fileRef = 816424FC1FA53C090006BB98 /* HangmanBrain.swift */; };
		816424FF1FA571090006BB98 /* RoundButtons.swift in Sources */ = {isa = PBXBuildFile; fileRef = 816424FE1FA571090006BB98 /* RoundButtons.swift */; };
		816425011FA57B010006BB98 /* IntroViewController.swift in Sources */ = {isa = PBXBuildFile; fileRef = 816425001FA57B010006BB98 /* IntroViewController.swift */; };
		816425031FA57B920006BB98 /* WinLoseViewController.swift in Sources */ = {isa = PBXBuildFile; fileRef = 816425021FA57B920006BB98 /* WinLoseViewController.swift */; };
/* End PBXBuildFile section */

/* Begin PBXFileReference section */
		3E1A620F1F97B0920025E03C /* Hangman.app */ = {isa = PBXFileReference; explicitFileType = wrapper.application; includeInIndex = 0; path = Hangman.app; sourceTree = BUILT_PRODUCTS_DIR; };
		3E1A62121F97B0930025E03C /* AppDelegate.swift */ = {isa = PBXFileReference; lastKnownFileType = sourcecode.swift; path = AppDelegate.swift; sourceTree = "<group>"; };
		3E1A62141F97B0930025E03C /* ViewController.swift */ = {isa = PBXFileReference; lastKnownFileType = sourcecode.swift; path = ViewController.swift; sourceTree = "<group>"; };
		3E1A62171F97B0930025E03C /* Base */ = {isa = PBXFileReference; lastKnownFileType = file.storyboard; name = Base; path = Base.lproj/Main.storyboard; sourceTree = "<group>"; };
		3E1A62191F97B0930025E03C /* Assets.xcassets */ = {isa = PBXFileReference; lastKnownFileType = folder.assetcatalog; path = Assets.xcassets; sourceTree = "<group>"; };
		3E1A621C1F97B0930025E03C /* Base */ = {isa = PBXFileReference; lastKnownFileType = file.storyboard; name = Base; path = Base.lproj/LaunchScreen.storyboard; sourceTree = "<group>"; };
		3E1A621E1F97B0930025E03C /* Info.plist */ = {isa = PBXFileReference; lastKnownFileType = text.plist.xml; path = Info.plist; sourceTree = "<group>"; };
		816424FC1FA53C090006BB98 /* HangmanBrain.swift */ = {isa = PBXFileReference; lastKnownFileType = sourcecode.swift; path = HangmanBrain.swift; sourceTree = "<group>"; };
		816424FE1FA571090006BB98 /* RoundButtons.swift */ = {isa = PBXFileReference; lastKnownFileType = sourcecode.swift; path = RoundButtons.swift; sourceTree = "<group>"; };
		816425001FA57B010006BB98 /* IntroViewController.swift */ = {isa = PBXFileReference; lastKnownFileType = sourcecode.swift; path = IntroViewController.swift; sourceTree = "<group>"; };
		816425021FA57B920006BB98 /* WinLoseViewController.swift */ = {isa = PBXFileReference; lastKnownFileType = sourcecode.swift; path = WinLoseViewController.swift; sourceTree = "<group>"; };
/* End PBXFileReference section */

/* Begin PBXFrameworksBuildPhase section */
		3E1A620C1F97B0920025E03C /* Frameworks */ = {
			isa = PBXFrameworksBuildPhase;
			buildActionMask = 2147483647;
			files = (
			);
			runOnlyForDeploymentPostprocessing = 0;
		};
/* End PBXFrameworksBuildPhase section */

/* Begin PBXGroup section */
		3E1A62061F97B0920025E03C = {
			isa = PBXGroup;
			children = (
				3E1A62111F97B0920025E03C /* Hangman */,
				3E1A62101F97B0920025E03C /* Products */,
			);
			sourceTree = "<group>";
		};
		3E1A62101F97B0920025E03C /* Products */ = {
			isa = PBXGroup;
			children = (
				3E1A620F1F97B0920025E03C /* Hangman.app */,
			);
			name = Products;
			sourceTree = "<group>";
		};
		3E1A62111F97B0920025E03C /* Hangman */ = {
			isa = PBXGroup;
			children = (
				3E1A62161F97B0930025E03C /* Main.storyboard */,
				816424FC1FA53C090006BB98 /* HangmanBrain.swift */,
				816425001FA57B010006BB98 /* IntroViewController.swift */,
				3E1A62141F97B0930025E03C /* ViewController.swift */,
				816425021FA57B920006BB98 /* WinLoseViewController.swift */,
				816424FE1FA571090006BB98 /* RoundButtons.swift */,
				3E1A62121F97B0930025E03C /* AppDelegate.swift */,
				3E1A62191F97B0930025E03C /* Assets.xcassets */,
				3E1A621B1F97B0930025E03C /* LaunchScreen.storyboard */,
				3E1A621E1F97B0930025E03C /* Info.plist */,
			);
			path = Hangman;
			sourceTree = "<group>";
		};
/* End PBXGroup section */

/* Begin PBXNativeTarget section */
		3E1A620E1F97B0920025E03C /* Hangman */ = {
			isa = PBXNativeTarget;
			buildConfigurationList = 3E1A62211F97B0930025E03C /* Build configuration list for PBXNativeTarget "Hangman" */;
			buildPhases = (
				3E1A620B1F97B0920025E03C /* Sources */,
				3E1A620C1F97B0920025E03C /* Frameworks */,
				3E1A620D1F97B0920025E03C /* Resources */,
			);
			buildRules = (
			);
			dependencies = (
			);
			name = Hangman;
			productName = Hangman;
			productReference = 3E1A620F1F97B0920025E03C /* Hangman.app */;
			productType = "com.apple.product-type.application";
		};
/* End PBXNativeTarget section */

/* Begin PBXProject section */
		3E1A62071F97B0920025E03C /* Project object */ = {
			isa = PBXProject;
			attributes = {
				LastSwiftUpdateCheck = 0900;
				LastUpgradeCheck = 0900;
				ORGANIZATIONNAME = "Marcel Chaucer";
				TargetAttributes = {
					3E1A620E1F97B0920025E03C = {
						CreatedOnToolsVersion = 9.0;
						ProvisioningStyle = Automatic;
					};
				};
			};
			buildConfigurationList = 3E1A620A1F97B0920025E03C /* Build configuration list for PBXProject "Hangman" */;
			compatibilityVersion = "Xcode 8.0";
			developmentRegion = en;
			hasScannedForEncodings = 0;
			knownRegions = (
				en,
				Base,
			);
			mainGroup = 3E1A62061F97B0920025E03C;
			productRefGroup = 3E1A62101F97B0920025E03C /* Products */;
			projectDirPath = "";
			projectRoot = "";
			targets = (
				3E1A620E1F97B0920025E03C /* Hangman */,
			);
		};
/* End PBXProject section */

/* Begin PBXResourcesBuildPhase section */
		3E1A620D1F97B0920025E03C /* Resources */ = {
			isa = PBXResourcesBuildPhase;
			buildActionMask = 2147483647;
			files = (
				3E1A621D1F97B0930025E03C /* LaunchScreen.storyboard in Resources */,
				3E1A621A1F97B0930025E03C /* Assets.xcassets in Resources */,
				3E1A62181F97B0930025E03C /* Main.storyboard in Resources */,
			);
			runOnlyForDeploymentPostprocessing = 0;
		};
/* End PBXResourcesBuildPhase section */

/* Begin PBXSourcesBuildPhase section */
		3E1A620B1F97B0920025E03C /* Sources */ = {
			isa = PBXSourcesBuildPhase;
			buildActionMask = 2147483647;
			files = (
				816425031FA57B920006BB98 /* WinLoseViewController.swift in Sources */,
				816425011FA57B010006BB98 /* IntroViewController.swift in Sources */,
				816424FF1FA571090006BB98 /* RoundButtons.swift in Sources */,
				816424FD1FA53C090006BB98 /* HangmanBrain.swift in Sources */,
				3E1A62151F97B0930025E03C /* ViewController.swift in Sources */,
				3E1A62131F97B0930025E03C /* AppDelegate.swift in Sources */,
			);
			runOnlyForDeploymentPostprocessing = 0;
		};
/* End PBXSourcesBuildPhase section */

/* Begin PBXVariantGroup section */
		3E1A62161F97B0930025E03C /* Main.storyboard */ = {
			isa = PBXVariantGroup;
			children = (
				3E1A62171F97B0930025E03C /* Base */,
			);
			name = Main.storyboard;
			sourceTree = "<group>";
		};
		3E1A621B1F97B0930025E03C /* LaunchScreen.storyboard */ = {
			isa = PBXVariantGroup;
			children = (
				3E1A621C1F97B0930025E03C /* Base */,
			);
			name = LaunchScreen.storyboard;
			sourceTree = "<group>";
		};
/* End PBXVariantGroup section */

/* Begin XCBuildConfiguration section */
		3E1A621F1F97B0930025E03C /* Debug */ = {
			isa = XCBuildConfiguration;
			buildSettings = {
				ALWAYS_SEARCH_USER_PATHS = NO;
				CLANG_ANALYZER_NONNULL = YES;
				CLANG_ANALYZER_NUMBER_OBJECT_CONVERSION = YES_AGGRESSIVE;
				CLANG_CXX_LANGUAGE_STANDARD = "gnu++14";
				CLANG_CXX_LIBRARY = "libc++";
				CLANG_ENABLE_MODULES = YES;
				CLANG_ENABLE_OBJC_ARC = YES;
				CLANG_WARN_BLOCK_CAPTURE_AUTORELEASING = YES;
				CLANG_WARN_BOOL_CONVERSION = YES;
				CLANG_WARN_COMMA = YES;
				CLANG_WARN_CONSTANT_CONVERSION = YES;
				CLANG_WARN_DIRECT_OBJC_ISA_USAGE = YES_ERROR;
				CLANG_WARN_DOCUMENTATION_COMMENTS = YES;
				CLANG_WARN_EMPTY_BODY = YES;
				CLANG_WARN_ENUM_CONVERSION = YES;
				CLANG_WARN_INFINITE_RECURSION = YES;
				CLANG_WARN_INT_CONVERSION = YES;
				CLANG_WARN_NON_LITERAL_NULL_CONVERSION = YES;
				CLANG_WARN_OBJC_LITERAL_CONVERSION = YES;
				CLANG_WARN_OBJC_ROOT_CLASS = YES_ERROR;
				CLANG_WARN_RANGE_LOOP_ANALYSIS = YES;
				CLANG_WARN_STRICT_PROTOTYPES = YES;
				CLANG_WARN_SUSPICIOUS_MOVE = YES;
				CLANG_WARN_UNGUARDED_AVAILABILITY = YES_AGGRESSIVE;
				CLANG_WARN_UNREACHABLE_CODE = YES;
				CLANG_WARN__DUPLICATE_METHOD_MATCH = YES;
				CODE_SIGN_IDENTITY = "iPhone Developer";
				COPY_PHASE_STRIP = NO;
				DEBUG_INFORMATION_FORMAT = dwarf;
				ENABLE_STRICT_OBJC_MSGSEND = YES;
				ENABLE_TESTABILITY = YES;
				GCC_C_LANGUAGE_STANDARD = gnu11;
				GCC_DYNAMIC_NO_PIC = NO;
				GCC_NO_COMMON_BLOCKS = YES;
				GCC_OPTIMIZATION_LEVEL = 0;
				GCC_PREPROCESSOR_DEFINITIONS = (
					"DEBUG=1",
					"$(inherited)",
				);
				GCC_WARN_64_TO_32_BIT_CONVERSION = YES;
				GCC_WARN_ABOUT_RETURN_TYPE = YES_ERROR;
				GCC_WARN_UNDECLARED_SELECTOR = YES;
				GCC_WARN_UNINITIALIZED_AUTOS = YES_AGGRESSIVE;
				GCC_WARN_UNUSED_FUNCTION = YES;
				GCC_WARN_UNUSED_VARIABLE = YES;
				IPHONEOS_DEPLOYMENT_TARGET = 11.0;
				MTL_ENABLE_DEBUG_INFO = YES;
				ONLY_ACTIVE_ARCH = YES;
				SDKROOT = iphoneos;
				SWIFT_ACTIVE_COMPILATION_CONDITIONS = DEBUG;
				SWIFT_OPTIMIZATION_LEVEL = "-Onone";
			};
			name = Debug;
		};
		3E1A62201F97B0930025E03C /* Release */ = {
			isa = XCBuildConfiguration;
			buildSettings = {
				ALWAYS_SEARCH_USER_PATHS = NO;
				CLANG_ANALYZER_NONNULL = YES;
				CLANG_ANALYZER_NUMBER_OBJECT_CONVERSION = YES_AGGRESSIVE;
				CLANG_CXX_LANGUAGE_STANDARD = "gnu++14";
				CLANG_CXX_LIBRARY = "libc++";
				CLANG_ENABLE_MODULES = YES;
				CLANG_ENABLE_OBJC_ARC = YES;
				CLANG_WARN_BLOCK_CAPTURE_AUTORELEASING = YES;
				CLANG_WARN_BOOL_CONVERSION = YES;
				CLANG_WARN_COMMA = YES;
				CLANG_WARN_CONSTANT_CONVERSION = YES;
				CLANG_WARN_DIRECT_OBJC_ISA_USAGE = YES_ERROR;
				CLANG_WARN_DOCUMENTATION_COMMENTS = YES;
				CLANG_WARN_EMPTY_BODY = YES;
				CLANG_WARN_ENUM_CONVERSION = YES;
				CLANG_WARN_INFINITE_RECURSION = YES;
				CLANG_WARN_INT_CONVERSION = YES;
				CLANG_WARN_NON_LITERAL_NULL_CONVERSION = YES;
				CLANG_WARN_OBJC_LITERAL_CONVERSION = YES;
				CLANG_WARN_OBJC_ROOT_CLASS = YES_ERROR;
				CLANG_WARN_RANGE_LOOP_ANALYSIS = YES;
				CLANG_WARN_STRICT_PROTOTYPES = YES;
				CLANG_WARN_SUSPICIOUS_MOVE = YES;
				CLANG_WARN_UNGUARDED_AVAILABILITY = YES_AGGRESSIVE;
				CLANG_WARN_UNREACHABLE_CODE = YES;
				CLANG_WARN__DUPLICATE_METHOD_MATCH = YES;
				CODE_SIGN_IDENTITY = "iPhone Developer";
				COPY_PHASE_STRIP = NO;
				DEBUG_INFORMATION_FORMAT = "dwarf-with-dsym";
				ENABLE_NS_ASSERTIONS = NO;
				ENABLE_STRICT_OBJC_MSGSEND = YES;
				GCC_C_LANGUAGE_STANDARD = gnu11;
				GCC_NO_COMMON_BLOCKS = YES;
				GCC_WARN_64_TO_32_BIT_CONVERSION = YES;
				GCC_WARN_ABOUT_RETURN_TYPE = YES_ERROR;
				GCC_WARN_UNDECLARED_SELECTOR = YES;
				GCC_WARN_UNINITIALIZED_AUTOS = YES_AGGRESSIVE;
				GCC_WARN_UNUSED_FUNCTION = YES;
				GCC_WARN_UNUSED_VARIABLE = YES;
				IPHONEOS_DEPLOYMENT_TARGET = 11.0;
				MTL_ENABLE_DEBUG_INFO = NO;
				SDKROOT = iphoneos;
				SWIFT_OPTIMIZATION_LEVEL = "-Owholemodule";
				VALIDATE_PRODUCT = YES;
			};
			name = Release;
		};
		3E1A62221F97B0930025E03C /* Debug */ = {
			isa = XCBuildConfiguration;
			buildSettings = {
				ASSETCATALOG_COMPILER_APPICON_NAME = AppIcon;
				CODE_SIGN_STYLE = Automatic;
				DEVELOPMENT_TEAM = TX9MB8N6AG;
				INFOPLIST_FILE = Hangman/Info.plist;
				LD_RUNPATH_SEARCH_PATHS = "$(inherited) @executable_path/Frameworks";
				PRODUCT_BUNDLE_IDENTIFIER = nyc.c4q.marcelchaucer.Hangman;
				PRODUCT_NAME = "$(TARGET_NAME)";
				SWIFT_VERSION = 4.0;
				TARGETED_DEVICE_FAMILY = "1,2";
			};
			name = Debug;
		};
		3E1A62231F97B0930025E03C /* Release */ = {
			isa = XCBuildConfiguration;
			buildSettings = {
				ASSETCATALOG_COMPILER_APPICON_NAME = AppIcon;
				CODE_SIGN_STYLE = Automatic;
				DEVELOPMENT_TEAM = TX9MB8N6AG;
				INFOPLIST_FILE = Hangman/Info.plist;
				LD_RUNPATH_SEARCH_PATHS = "$(inherited) @executable_path/Frameworks";
				PRODUCT_BUNDLE_IDENTIFIER = nyc.c4q.marcelchaucer.Hangman;
				PRODUCT_NAME = "$(TARGET_NAME)";
				SWIFT_VERSION = 4.0;
				TARGETED_DEVICE_FAMILY = "1,2";
			};
			name = Release;
		};
/* End XCBuildConfiguration section */

/* Begin XCConfigurationList section */
		3E1A620A1F97B0920025E03C /* Build configuration list for PBXProject "Hangman" */ = {
			isa = XCConfigurationList;
			buildConfigurations = (
				3E1A621F1F97B0930025E03C /* Debug */,
				3E1A62201F97B0930025E03C /* Release */,
			);
			defaultConfigurationIsVisible = 0;
			defaultConfigurationName = Release;
		};
		3E1A62211F97B0930025E03C /* Build configuration list for PBXNativeTarget "Hangman" */ = {
			isa = XCConfigurationList;
			buildConfigurations = (
				3E1A62221F97B0930025E03C /* Debug */,
				3E1A62231F97B0930025E03C /* Release */,
			);
			defaultConfigurationIsVisible = 0;
			defaultConfigurationName = Release;
		};
/* End XCConfigurationList section */
	};
	rootObject = 3E1A62071F97B0920025E03C /* Project object */;
}
